PODS:
  - fit_kit (0.0.1):
    - Flutter
  - Flutter (1.0.0)
  - flutter_appavailability (0.0.1):
    - Flutter
  - flutter_email_sender (0.0.1):
    - Flutter
  - flutter_secure_storage (3.3.1):
    - Flutter
  - shared_preferences (0.0.1):
    - Flutter
  - shared_preferences_macos (0.0.1):
    - Flutter
  - shared_preferences_web (0.0.1):
    - Flutter

DEPENDENCIES:
  - fit_kit (from `.symlinks/plugins/fit_kit/ios`)
  - Flutter (from `Flutter`)
  - flutter_appavailability (from `.symlinks/plugins/flutter_appavailability/ios`)
  - flutter_email_sender (from `.symlinks/plugins/flutter_email_sender/ios`)
  - flutter_secure_storage (from `.symlinks/plugins/flutter_secure_storage/ios`)
  - shared_preferences (from `.symlinks/plugins/shared_preferences/ios`)
  - shared_preferences_macos (from `.symlinks/plugins/shared_preferences_macos/ios`)
  - shared_preferences_web (from `.symlinks/plugins/shared_preferences_web/ios`)

EXTERNAL SOURCES:
  fit_kit:
    :path: ".symlinks/plugins/fit_kit/ios"
  Flutter:
    :path: Flutter
  flutter_appavailability:
    :path: ".symlinks/plugins/flutter_appavailability/ios"
  flutter_email_sender:
    :path: ".symlinks/plugins/flutter_email_sender/ios"
  flutter_secure_storage:
    :path: ".symlinks/plugins/flutter_secure_storage/ios"
  shared_preferences:
    :path: ".symlinks/plugins/shared_preferences/ios"
  shared_preferences_macos:
    :path: ".symlinks/plugins/shared_preferences_macos/ios"
  shared_preferences_web:
    :path: ".symlinks/plugins/shared_preferences_web/ios"

SPEC CHECKSUMS:
  fit_kit: 7643191161673bcd32863ae3f10baed6ce55c7c0
  Flutter: 0e3d915762c693b495b44d77113d4970485de6ec
  flutter_appavailability: ebf8f85abea44436d1262fcde8a4e64b2534b01a
  flutter_email_sender: f787522d0e82f50e5766c1213dbffff22fdcf009
  flutter_secure_storage: 7953c38a04c3fdbb00571bcd87d8e3b5ceb9daec
  shared_preferences: 430726339841afefe5142b9c1f50cb6bd7793e01
  shared_preferences_macos: f3f29b71ccbb56bf40c9dd6396c9acf15e214087
  shared_preferences_web: 141cce0c3ed1a1c5bf2a0e44f52d31eeb66e5ea9

PODFILE CHECKSUM: 1b66dae606f75376c5f2135a8290850eeb09ae83

COCOAPODS: 1.9.0
